
Microsoft Visual Studio Solution File, Format Version 12.00
# Visual Studio Version 17
VisualStudioVersion = 17.3.32929.385
MinimumVisualStudioVersion = 10.0.40219.1
Project("{FAE04EC0-301F-11D3-BF4B-00C04F79EFBC}") = "Cu_e_Qua", "Cu_e_Qua\Cu_e_Qua.csproj", "{BFD015DF-13C0-4752-BE5D-F156A92C3E0E}"
EndProject
Global
	GlobalSection(SolutionConfigurationPlatforms) = preSolution
		Debug|Any CPU = Debug|Any CPU
		Release|Any CPU = Release|Any CPU
	EndGlobalSection
	GlobalSection(ProjectConfigurationPlatforms) = postSolution
		{BFD015DF-13C0-4752-BE5D-F156A92C3E0E}.Debug|Any CPU.ActiveCfg = Debug|Any CPU
		{BFD015DF-13C0-4752-BE5D-F156A92C3E0E}.Debug|Any CPU.Build.0 = Debug|Any CPU
		{BFD015DF-13C0-4752-BE5D-F156A92C3E0E}.Release|Any CPU.ActiveCfg = Release|Any CPU
		{BFD015DF-13C0-4752-BE5D-F156A92C3E0E}.Release|Any CPU.Build.0 = Release|Any CPU
	EndGlobalSection
	GlobalSection(SolutionProperties) = preSolution
		HideSolutionNode = FALSE
	EndGlobalSection
	GlobalSection(ExtensibilityGlobals) = postSolution
		SolutionGuid = {676820D3-B02F-4226-8857-5CEC6E3D9E12}
	EndGlobalSection
EndGlobal
